// !$*UTF8*$!
{
	archiveVersion = 1;
	classes = {
	};
	objectVersion = 56;
	objects = {

/* Begin PBXBuildFile section */
		5D055D8A2CA6AC11001F0F7B /* AppDelegate.swift in Sources */ = {isa = PBXBuildFile; fileRef = 5D055D892CA6AC11001F0F7B /* AppDelegate.swift */; };
		5D055D8C2CA6AC11001F0F7B /* SceneDelegate.swift in Sources */ = {isa = PBXBuildFile; fileRef = 5D055D8B2CA6AC11001F0F7B /* SceneDelegate.swift */; };
		5D055D8E2CA6AC11001F0F7B /* ViewController.swift in Sources */ = {isa = PBXBuildFile; fileRef = 5D055D8D2CA6AC11001F0F7B /* ViewController.swift */; };
		5D055D912CA6AC11001F0F7B /* Base in Resources */ = {isa = PBXBuildFile; fileRef = 5D055D902CA6AC11001F0F7B /* Base */; };
		5D055D932CA6AC13001F0F7B /* Assets.xcassets in Resources */ = {isa = PBXBuildFile; fileRef = 5D055D922CA6AC13001F0F7B /* Assets.xcassets */; };
		5D055D962CA6AC13001F0F7B /* Base in Resources */ = {isa = PBXBuildFile; fileRef = 5D055D952CA6AC13001F0F7B /* Base */; };
		5D055DA12CA6AC14001F0F7B /* swiftExampleTests.swift in Sources */ = {isa = PBXBuildFile; fileRef = 5D055DA02CA6AC14001F0F7B /* swiftExampleTests.swift */; };
		5D055DAB2CA6AC14001F0F7B /* swiftExampleUITests.swift in Sources */ = {isa = PBXBuildFile; fileRef = 5D055DAA2CA6AC14001F0F7B /* swiftExampleUITests.swift */; };
		5D055DAD2CA6AC14001F0F7B /* swiftExampleUITestsLaunchTests.swift in Sources */ = {isa = PBXBuildFile; fileRef = 5D055DAC2CA6AC14001F0F7B /* swiftExampleUITestsLaunchTests.swift */; };
		5D055DBA2CA6ADC6001F0F7B /* ExampleListViewController.swift in Sources */ = {isa = PBXBuildFile; fileRef = 5D055DB92CA6ADC6001F0F7B /* ExampleListViewController.swift */; };
		5D055DBD2CA6B657001F0F7B /* SnapKit in Frameworks */ = {isa = PBXBuildFile; productRef = 5D055DBC2CA6B657001F0F7B /* SnapKit */; };
		5D055DBF2CA6BC32001F0F7B /* ExampleTileTableViewCell.swift in Sources */ = {isa = PBXBuildFile; fileRef = 5D055DBE2CA6BC32001F0F7B /* ExampleTileTableViewCell.swift */; };
		5D055DC12CA6CF13001F0F7B /* FaceIDTestVC.swift in Sources */ = {isa = PBXBuildFile; fileRef = 5D055DC02CA6CF13001F0F7B /* FaceIDTestVC.swift */; };
		5D0B2E402E179548007CDE46 /* BlueToothVC.swift in Sources */ = {isa = PBXBuildFile; fileRef = 5D0B2E3F2E179548007CDE46 /* BlueToothVC.swift */; };
		5D0B2E422E17BA98007CDE46 /* BlueToothManager.swift in Sources */ = {isa = PBXBuildFile; fileRef = 5D0B2E412E17BA98007CDE46 /* BlueToothManager.swift */; };
		5D3F07412E02AA2600A6BB22 /* NewFeatureViewController.swift in Sources */ = {isa = PBXBuildFile; fileRef = 5D3F07402E02AA2600A6BB22 /* NewFeatureViewController.swift */; };
		5D50B7AD2E05161D00D7A4B0 /* PencilKitTestVC.swift in Sources */ = {isa = PBXBuildFile; fileRef = 5D50B7AC2E05161D00D7A4B0 /* PencilKitTestVC.swift */; };
		5D50B7AF2E05195D00D7A4B0 /* TextViewFormattingVC.swift in Sources */ = {isa = PBXBuildFile; fileRef = 5D50B7AE2E05195D00D7A4B0 /* TextViewFormattingVC.swift */; };
		5D50B7B22E053FAA00D7A4B0 /* SVProgressHUD in Frameworks */ = {isa = PBXBuildFile; productRef = 5D50B7B12E053FAA00D7A4B0 /* SVProgressHUD */; };
		5D50B7B42E05437B00D7A4B0 /* AuthorityTool.swift in Sources */ = {isa = PBXBuildFile; fileRef = 5D50B7B32E05437B00D7A4B0 /* AuthorityTool.swift */; };
		5D56BD352CBA74D600210D54 /* NetIPAddress.m in Sources */ = {isa = PBXBuildFile; fileRef = 5D56BD342CBA74D600210D54 /* NetIPAddress.m */; };
		5D56BD372CBA75CA00210D54 /* IPAddressVC.swift in Sources */ = {isa = PBXBuildFile; fileRef = 5D56BD362CBA75CA00210D54 /* IPAddressVC.swift */; };
		849854152CC136A10044782F /* FontTestVC.swift in Sources */ = {isa = PBXBuildFile; fileRef = 849854142CC136A10044782F /* FontTestVC.swift */; };
		5DC114872DDF3F37008A7949 /* AnimationTestVC.swift in Sources */ = {isa = PBXBuildFile; fileRef = 5DC114862DDF3F37008A7949 /* AnimationTestVC.swift */; };
		5DC1148A2DDF4924008A7949 /* JGProgressHUD in Frameworks */ = {isa = PBXBuildFile; productRef = 5DC114892DDF4924008A7949 /* JGProgressHUD */; };
		5DC1148D2DDF4A56008A7949 /* Toast in Frameworks */ = {isa = PBXBuildFile; productRef = 5DC1148C2DDF4A56008A7949 /* Toast */; };
		5DC114902DDF4C47008A7949 /* ProgressHUD in Frameworks */ = {isa = PBXBuildFile; productRef = 5DC1148F2DDF4C47008A7949 /* ProgressHUD */; };
		5DC114922DE02786008A7949 /* RedpacketRainVC.swift in Sources */ = {isa = PBXBuildFile; fileRef = 5DC114912DE02786008A7949 /* RedpacketRainVC.swift */; };
		5DC114952DE02BC6008A7949 /* ImageTool.swift in Sources */ = {isa = PBXBuildFile; fileRef = 5DC114942DE02BC6008A7949 /* ImageTool.swift */; };
		5DC3C2E82DE9B05D0078560F /* RainVC.swift in Sources */ = {isa = PBXBuildFile; fileRef = 5DC3C2E72DE9B05D0078560F /* RainVC.swift */; };
		5DCE1FE42DDDD6DF00F59E60 /* SpriteKitExample.swift in Sources */ = {isa = PBXBuildFile; fileRef = 5DCE1FE32DDDD6DF00F59E60 /* SpriteKitExample.swift */; };
/* End PBXBuildFile section */

/* Begin PBXContainerItemProxy section */
		5D055D9D2CA6AC14001F0F7B /* PBXContainerItemProxy */ = {
			isa = PBXContainerItemProxy;
			containerPortal = 5D055D7E2CA6AC11001F0F7B /* Project object */;
			proxyType = 1;
			remoteGlobalIDString = 5D055D852CA6AC11001F0F7B;
			remoteInfo = swiftExample;
		};
		5D055DA72CA6AC14001F0F7B /* PBXContainerItemProxy */ = {
			isa = PBXContainerItemProxy;
			containerPortal = 5D055D7E2CA6AC11001F0F7B /* Project object */;
			proxyType = 1;
			remoteGlobalIDString = 5D055D852CA6AC11001F0F7B;
			remoteInfo = swiftExample;
		};
/* End PBXContainerItemProxy section */

/* Begin PBXFileReference section */
		5D055D862CA6AC11001F0F7B /* swiftExample.app */ = {isa = PBXFileReference; explicitFileType = wrapper.application; includeInIndex = 0; path = swiftExample.app; sourceTree = BUILT_PRODUCTS_DIR; };
		5D055D892CA6AC11001F0F7B /* AppDelegate.swift */ = {isa = PBXFileReference; lastKnownFileType = sourcecode.swift; path = AppDelegate.swift; sourceTree = "<group>"; };
		5D055D8B2CA6AC11001F0F7B /* SceneDelegate.swift */ = {isa = PBXFileReference; lastKnownFileType = sourcecode.swift; path = SceneDelegate.swift; sourceTree = "<group>"; };
		5D055D8D2CA6AC11001F0F7B /* ViewController.swift */ = {isa = PBXFileReference; lastKnownFileType = sourcecode.swift; path = ViewController.swift; sourceTree = "<group>"; };
		5D055D902CA6AC11001F0F7B /* Base */ = {isa = PBXFileReference; lastKnownFileType = file.storyboard; name = Base; path = Base.lproj/Main.storyboard; sourceTree = "<group>"; };
		5D055D922CA6AC13001F0F7B /* Assets.xcassets */ = {isa = PBXFileReference; lastKnownFileType = folder.assetcatalog; path = Assets.xcassets; sourceTree = "<group>"; };
		5D055D952CA6AC13001F0F7B /* Base */ = {isa = PBXFileReference; lastKnownFileType = file.storyboard; name = Base; path = Base.lproj/LaunchScreen.storyboard; sourceTree = "<group>"; };
		5D055D972CA6AC13001F0F7B /* Info.plist */ = {isa = PBXFileReference; lastKnownFileType = text.plist.xml; path = Info.plist; sourceTree = "<group>"; };
		5D055D9C2CA6AC14001F0F7B /* swiftExampleTests.xctest */ = {isa = PBXFileReference; explicitFileType = wrapper.cfbundle; includeInIndex = 0; path = swiftExampleTests.xctest; sourceTree = BUILT_PRODUCTS_DIR; };
		5D055DA02CA6AC14001F0F7B /* swiftExampleTests.swift */ = {isa = PBXFileReference; lastKnownFileType = sourcecode.swift; path = swiftExampleTests.swift; sourceTree = "<group>"; };
		5D055DA62CA6AC14001F0F7B /* swiftExampleUITests.xctest */ = {isa = PBXFileReference; explicitFileType = wrapper.cfbundle; includeInIndex = 0; path = swiftExampleUITests.xctest; sourceTree = BUILT_PRODUCTS_DIR; };
		5D055DAA2CA6AC14001F0F7B /* swiftExampleUITests.swift */ = {isa = PBXFileReference; lastKnownFileType = sourcecode.swift; path = swiftExampleUITests.swift; sourceTree = "<group>"; };
		5D055DAC2CA6AC14001F0F7B /* swiftExampleUITestsLaunchTests.swift */ = {isa = PBXFileReference; lastKnownFileType = sourcecode.swift; path = swiftExampleUITestsLaunchTests.swift; sourceTree = "<group>"; };
		5D055DB92CA6ADC6001F0F7B /* ExampleListViewController.swift */ = {isa = PBXFileReference; lastKnownFileType = sourcecode.swift; path = ExampleListViewController.swift; sourceTree = "<group>"; };
		5D055DBE2CA6BC32001F0F7B /* ExampleTileTableViewCell.swift */ = {isa = PBXFileReference; lastKnownFileType = sourcecode.swift; path = ExampleTileTableViewCell.swift; sourceTree = "<group>"; };
		5D055DC02CA6CF13001F0F7B /* FaceIDTestVC.swift */ = {isa = PBXFileReference; lastKnownFileType = sourcecode.swift; path = FaceIDTestVC.swift; sourceTree = "<group>"; };
		5D0B2E3F2E179548007CDE46 /* BlueToothVC.swift */ = {isa = PBXFileReference; lastKnownFileType = sourcecode.swift; path = BlueToothVC.swift; sourceTree = "<group>"; };
		5D0B2E412E17BA98007CDE46 /* BlueToothManager.swift */ = {isa = PBXFileReference; lastKnownFileType = sourcecode.swift; path = BlueToothManager.swift; sourceTree = "<group>"; };
		5D3F07402E02AA2600A6BB22 /* NewFeatureViewController.swift */ = {isa = PBXFileReference; lastKnownFileType = sourcecode.swift; path = NewFeatureViewController.swift; sourceTree = "<group>"; };
		5D50B7AC2E05161D00D7A4B0 /* PencilKitTestVC.swift */ = {isa = PBXFileReference; lastKnownFileType = sourcecode.swift; path = PencilKitTestVC.swift; sourceTree = "<group>"; };
		5D50B7AE2E05195D00D7A4B0 /* TextViewFormattingVC.swift */ = {isa = PBXFileReference; lastKnownFileType = sourcecode.swift; path = TextViewFormattingVC.swift; sourceTree = "<group>"; };
		5D50B7B32E05437B00D7A4B0 /* AuthorityTool.swift */ = {isa = PBXFileReference; lastKnownFileType = sourcecode.swift; path = AuthorityTool.swift; sourceTree = "<group>"; };
		5D56BD322CBA74D500210D54 /* swiftExample-Bridging-Header.h */ = {isa = PBXFileReference; lastKnownFileType = sourcecode.c.h; path = "swiftExample-Bridging-Header.h"; sourceTree = "<group>"; };
		5D56BD332CBA74D600210D54 /* NetIPAddress.h */ = {isa = PBXFileReference; lastKnownFileType = sourcecode.c.h; path = NetIPAddress.h; sourceTree = "<group>"; };
		5D56BD342CBA74D600210D54 /* NetIPAddress.m */ = {isa = PBXFileReference; lastKnownFileType = sourcecode.c.objc; path = NetIPAddress.m; sourceTree = "<group>"; };
		5D56BD362CBA75CA00210D54 /* IPAddressVC.swift */ = {isa = PBXFileReference; lastKnownFileType = sourcecode.swift; path = IPAddressVC.swift; sourceTree = "<group>"; };
		849854142CC136A10044782F /* FontTestVC.swift */ = {isa = PBXFileReference; lastKnownFileType = sourcecode.swift; path = FontTestVC.swift; sourceTree = "<group>"; };
		5DC114862DDF3F37008A7949 /* AnimationTestVC.swift */ = {isa = PBXFileReference; lastKnownFileType = sourcecode.swift; path = AnimationTestVC.swift; sourceTree = "<group>"; };
		5DC114912DE02786008A7949 /* RedpacketRainVC.swift */ = {isa = PBXFileReference; lastKnownFileType = sourcecode.swift; path = RedpacketRainVC.swift; sourceTree = "<group>"; };
		5DC114942DE02BC6008A7949 /* ImageTool.swift */ = {isa = PBXFileReference; lastKnownFileType = sourcecode.swift; path = ImageTool.swift; sourceTree = "<group>"; };
		5DC3C2E72DE9B05D0078560F /* RainVC.swift */ = {isa = PBXFileReference; lastKnownFileType = sourcecode.swift; path = RainVC.swift; sourceTree = "<group>"; };
		5DCE1FE32DDDD6DF00F59E60 /* SpriteKitExample.swift */ = {isa = PBXFileReference; lastKnownFileType = sourcecode.swift; path = SpriteKitExample.swift; sourceTree = "<group>"; };
		5DEFADC82D3A4EDF00008919 /* MyPlayground.playground */ = {isa = PBXFileReference; lastKnownFileType = file.playground; path = MyPlayground.playground; sourceTree = "<group>"; xcLanguageSpecificationIdentifier = xcode.lang.swift; };
/* End PBXFileReference section */

/* Begin PBXFrameworksBuildPhase section */
		5D055D832CA6AC11001F0F7B /* Frameworks */ = {
			isa = PBXFrameworksBuildPhase;
			buildActionMask = 2147483647;
			files = (
				5DC1148D2DDF4A56008A7949 /* Toast in Frameworks */,
				5D50B7B22E053FAA00D7A4B0 /* SVProgressHUD in Frameworks */,
				5DC114902DDF4C47008A7949 /* ProgressHUD in Frameworks */,
				5DC1148A2DDF4924008A7949 /* JGProgressHUD in Frameworks */,
				5D055DBD2CA6B657001F0F7B /* SnapKit in Frameworks */,
			);
			runOnlyForDeploymentPostprocessing = 0;
		};
		5D055D992CA6AC14001F0F7B /* Frameworks */ = {
			isa = PBXFrameworksBuildPhase;
			buildActionMask = 2147483647;
			files = (
			);
			runOnlyForDeploymentPostprocessing = 0;
		};
		5D055DA32CA6AC14001F0F7B /* Frameworks */ = {
			isa = PBXFrameworksBuildPhase;
			buildActionMask = 2147483647;
			files = (
			);
			runOnlyForDeploymentPostprocessing = 0;
		};
/* End PBXFrameworksBuildPhase section */

/* Begin PBXGroup section */
		5D055D7D2CA6AC11001F0F7B = {
			isa = PBXGroup;
			children = (
				5D055D882CA6AC11001F0F7B /* swiftExample */,
				5D055D9F2CA6AC14001F0F7B /* swiftExampleTests */,
				5D055DA92CA6AC14001F0F7B /* swiftExampleUITests */,
				5D055D872CA6AC11001F0F7B /* Products */,
			);
			sourceTree = "<group>";
		};
		5D055D872CA6AC11001F0F7B /* Products */ = {
			isa = PBXGroup;
			children = (
				5D055D862CA6AC11001F0F7B /* swiftExample.app */,
				5D055D9C2CA6AC14001F0F7B /* swiftExampleTests.xctest */,
				5D055DA62CA6AC14001F0F7B /* swiftExampleUITests.xctest */,
			);
			name = Products;
			sourceTree = "<group>";
		};
		5D055D882CA6AC11001F0F7B /* swiftExample */ = {
			isa = PBXGroup;
			children = (
				5D0B2E3E2E179522007CDE46 /* BlueTooth */,
				5D3F073F2E02A9F600A6BB22 /* NewFeatures */,
				5DC114932DE02BB3008A7949 /* Tools */,
				5DC114832DDF3EE9008A7949 /* Animation */,
				5D055D892CA6AC11001F0F7B /* AppDelegate.swift */,
				5D055D8B2CA6AC11001F0F7B /* SceneDelegate.swift */,
				5D055DB92CA6ADC6001F0F7B /* ExampleListViewController.swift */,
				5D055DBE2CA6BC32001F0F7B /* ExampleTileTableViewCell.swift */,
				5D055DC02CA6CF13001F0F7B /* FaceIDTestVC.swift */,
				5D56BD362CBA75CA00210D54 /* IPAddressVC.swift */,
				849854142CC136A10044782F /* FontTestVC.swift */,
				5DCE1FE32DDDD6DF00F59E60 /* SpriteKitExample.swift */,
				5DEFADC82D3A4EDF00008919 /* MyPlayground.playground */,
				5D055D8D2CA6AC11001F0F7B /* ViewController.swift */,
				5D56BD332CBA74D600210D54 /* NetIPAddress.h */,
				5D56BD342CBA74D600210D54 /* NetIPAddress.m */,
				5D055D8F2CA6AC11001F0F7B /* Main.storyboard */,
				5D055D922CA6AC13001F0F7B /* Assets.xcassets */,
				5D055D942CA6AC13001F0F7B /* LaunchScreen.storyboard */,
				5D055D972CA6AC13001F0F7B /* Info.plist */,
				5D56BD322CBA74D500210D54 /* swiftExample-Bridging-Header.h */,
			);
			path = swiftExample;
			sourceTree = "<group>";
		};
		5D055D9F2CA6AC14001F0F7B /* swiftExampleTests */ = {
			isa = PBXGroup;
			children = (
				5D055DA02CA6AC14001F0F7B /* swiftExampleTests.swift */,
			);
			path = swiftExampleTests;
			sourceTree = "<group>";
		};
		5D055DA92CA6AC14001F0F7B /* swiftExampleUITests */ = {
			isa = PBXGroup;
			children = (
				5D055DAA2CA6AC14001F0F7B /* swiftExampleUITests.swift */,
				5D055DAC2CA6AC14001F0F7B /* swiftExampleUITestsLaunchTests.swift */,
			);
			path = swiftExampleUITests;
			sourceTree = "<group>";
		};
		5D0B2E3E2E179522007CDE46 /* BlueTooth */ = {
			isa = PBXGroup;
			children = (
				5D0B2E3F2E179548007CDE46 /* BlueToothVC.swift */,
				5D0B2E412E17BA98007CDE46 /* BlueToothManager.swift */,
			);
			path = BlueTooth;
			sourceTree = "<group>";
		};
		5D3F073F2E02A9F600A6BB22 /* NewFeatures */ = {
			isa = PBXGroup;
			children = (
				5D3F07402E02AA2600A6BB22 /* NewFeatureViewController.swift */,
				5D50B7AC2E05161D00D7A4B0 /* PencilKitTestVC.swift */,
				5D50B7AE2E05195D00D7A4B0 /* TextViewFormattingVC.swift */,
			);
			path = NewFeatures;
			sourceTree = "<group>";
		};
		5DC114832DDF3EE9008A7949 /* Animation */ = {
			isa = PBXGroup;
			children = (
				5DC114862DDF3F37008A7949 /* AnimationTestVC.swift */,
				5DC114912DE02786008A7949 /* RedpacketRainVC.swift */,
				5DC3C2E72DE9B05D0078560F /* RainVC.swift */,
			);
			path = Animation;
			sourceTree = "<group>";
		};
		5DC114932DE02BB3008A7949 /* Tools */ = {
			isa = PBXGroup;
			children = (
				5DC114942DE02BC6008A7949 /* ImageTool.swift */,
				5D50B7B32E05437B00D7A4B0 /* AuthorityTool.swift */,
			);
			path = Tools;
			sourceTree = "<group>";
		};
/* End PBXGroup section */

/* Begin PBXNativeTarget section */
		5D055D852CA6AC11001F0F7B /* swiftExample */ = {
			isa = PBXNativeTarget;
			buildConfigurationList = 5D055DB02CA6AC14001F0F7B /* Build configuration list for PBXNativeTarget "swiftExample" */;
			buildPhases = (
				5D055D822CA6AC11001F0F7B /* Sources */,
				5D055D832CA6AC11001F0F7B /* Frameworks */,
				5D055D842CA6AC11001F0F7B /* Resources */,
			);
			buildRules = (
			);
			dependencies = (
			);
			name = swiftExample;
			packageProductDependencies = (
				5D055DBC2CA6B657001F0F7B /* SnapKit */,
				5DC114892DDF4924008A7949 /* JGProgressHUD */,
				5DC1148C2DDF4A56008A7949 /* Toast */,
				5DC1148F2DDF4C47008A7949 /* ProgressHUD */,
				5D50B7B12E053FAA00D7A4B0 /* SVProgressHUD */,
			);
			productName = swiftExample;
			productReference = 5D055D862CA6AC11001F0F7B /* swiftExample.app */;
			productType = "com.apple.product-type.application";
		};
		5D055D9B2CA6AC14001F0F7B /* swiftExampleTests */ = {
			isa = PBXNativeTarget;
			buildConfigurationList = 5D055DB32CA6AC14001F0F7B /* Build configuration list for PBXNativeTarget "swiftExampleTests" */;
			buildPhases = (
				5D055D982CA6AC14001F0F7B /* Sources */,
				5D055D992CA6AC14001F0F7B /* Frameworks */,
				5D055D9A2CA6AC14001F0F7B /* Resources */,
			);
			buildRules = (
			);
			dependencies = (
				5D055D9E2CA6AC14001F0F7B /* PBXTargetDependency */,
			);
			name = swiftExampleTests;
			productName = swiftExampleTests;
			productReference = 5D055D9C2CA6AC14001F0F7B /* swiftExampleTests.xctest */;
			productType = "com.apple.product-type.bundle.unit-test";
		};
		5D055DA52CA6AC14001F0F7B /* swiftExampleUITests */ = {
			isa = PBXNativeTarget;
			buildConfigurationList = 5D055DB62CA6AC14001F0F7B /* Build configuration list for PBXNativeTarget "swiftExampleUITests" */;
			buildPhases = (
				5D055DA22CA6AC14001F0F7B /* Sources */,
				5D055DA32CA6AC14001F0F7B /* Frameworks */,
				5D055DA42CA6AC14001F0F7B /* Resources */,
			);
			buildRules = (
			);
			dependencies = (
				5D055DA82CA6AC14001F0F7B /* PBXTargetDependency */,
			);
			name = swiftExampleUITests;
			productName = swiftExampleUITests;
			productReference = 5D055DA62CA6AC14001F0F7B /* swiftExampleUITests.xctest */;
			productType = "com.apple.product-type.bundle.ui-testing";
		};
/* End PBXNativeTarget section */

/* Begin PBXProject section */
		5D055D7E2CA6AC11001F0F7B /* Project object */ = {
			isa = PBXProject;
			attributes = {
				BuildIndependentTargetsInParallel = 1;
				LastSwiftUpdateCheck = 1530;
				LastUpgradeCheck = 1530;
				TargetAttributes = {
					5D055D852CA6AC11001F0F7B = {
						CreatedOnToolsVersion = 15.3;
						LastSwiftMigration = 1530;
					};
					5D055D9B2CA6AC14001F0F7B = {
						CreatedOnToolsVersion = 15.3;
						TestTargetID = 5D055D852CA6AC11001F0F7B;
					};
					5D055DA52CA6AC14001F0F7B = {
						CreatedOnToolsVersion = 15.3;
						TestTargetID = 5D055D852CA6AC11001F0F7B;
					};
				};
			};
			buildConfigurationList = 5D055D812CA6AC11001F0F7B /* Build configuration list for PBXProject "swiftExample" */;
			compatibilityVersion = "Xcode 14.0";
			developmentRegion = en;
			hasScannedForEncodings = 0;
			knownRegions = (
				en,
				Base,
			);
			mainGroup = 5D055D7D2CA6AC11001F0F7B;
			packageReferences = (
				5D055DBB2CA6B657001F0F7B /* XCRemoteSwiftPackageReference "SnapKit" */,
				5DC114882DDF4924008A7949 /* XCRemoteSwiftPackageReference "JGProgressHUD" */,
				5DC1148B2DDF4A56008A7949 /* XCRemoteSwiftPackageReference "Toast-Swift" */,
				5DC1148E2DDF4C47008A7949 /* XCRemoteSwiftPackageReference "ProgressHUD" */,
				5D50B7B02E053FA900D7A4B0 /* XCRemoteSwiftPackageReference "SVProgressHUD" */,
			);
			productRefGroup = 5D055D872CA6AC11001F0F7B /* Products */;
			projectDirPath = "";
			projectRoot = "";
			targets = (
				5D055D852CA6AC11001F0F7B /* swiftExample */,
				5D055D9B2CA6AC14001F0F7B /* swiftExampleTests */,
				5D055DA52CA6AC14001F0F7B /* swiftExampleUITests */,
			);
		};
/* End PBXProject section */

/* Begin PBXResourcesBuildPhase section */
		5D055D842CA6AC11001F0F7B /* Resources */ = {
			isa = PBXResourcesBuildPhase;
			buildActionMask = 2147483647;
			files = (
				5D055D932CA6AC13001F0F7B /* Assets.xcassets in Resources */,
				5D055D962CA6AC13001F0F7B /* Base in Resources */,
				5D055D912CA6AC11001F0F7B /* Base in Resources */,
			);
			runOnlyForDeploymentPostprocessing = 0;
		};
		5D055D9A2CA6AC14001F0F7B /* Resources */ = {
			isa = PBXResourcesBuildPhase;
			buildActionMask = 2147483647;
			files = (
			);
			runOnlyForDeploymentPostprocessing = 0;
		};
		5D055DA42CA6AC14001F0F7B /* Resources */ = {
			isa = PBXResourcesBuildPhase;
			buildActionMask = 2147483647;
			files = (
			);
			runOnlyForDeploymentPostprocessing = 0;
		};
/* End PBXResourcesBuildPhase section */

/* Begin PBXSourcesBuildPhase section */
		5D055D822CA6AC11001F0F7B /* Sources */ = {
			isa = PBXSourcesBuildPhase;
			buildActionMask = 2147483647;
			files = (
				849854152CC136A10044782F /* FontTestVC.swift in Sources */,
				5D50B7AD2E05161D00D7A4B0 /* PencilKitTestVC.swift in Sources */,
				5D055DC12CA6CF13001F0F7B /* FaceIDTestVC.swift in Sources */,
				5D50B7B42E05437B00D7A4B0 /* AuthorityTool.swift in Sources */,
				5DC114872DDF3F37008A7949 /* AnimationTestVC.swift in Sources */,
				5D055D8E2CA6AC11001F0F7B /* ViewController.swift in Sources */,
				5D055DBF2CA6BC32001F0F7B /* ExampleTileTableViewCell.swift in Sources */,
				5D56BD352CBA74D600210D54 /* NetIPAddress.m in Sources */,
				5D56BD372CBA75CA00210D54 /* IPAddressVC.swift in Sources */,
				5D3F07412E02AA2600A6BB22 /* NewFeatureViewController.swift in Sources */,
				5D055DBA2CA6ADC6001F0F7B /* ExampleListViewController.swift in Sources */,
				5D50B7AF2E05195D00D7A4B0 /* TextViewFormattingVC.swift in Sources */,
				5D0B2E402E179548007CDE46 /* BlueToothVC.swift in Sources */,
				5D055D8A2CA6AC11001F0F7B /* AppDelegate.swift in Sources */,
				5D0B2E422E17BA98007CDE46 /* BlueToothManager.swift in Sources */,
				5DCE1FE42DDDD6DF00F59E60 /* SpriteKitExample.swift in Sources */,
				5DC114922DE02786008A7949 /* RedpacketRainVC.swift in Sources */,
				5DC3C2E82DE9B05D0078560F /* RainVC.swift in Sources */,
				5D055D8C2CA6AC11001F0F7B /* SceneDelegate.swift in Sources */,
				5DC114952DE02BC6008A7949 /* ImageTool.swift in Sources */,
			);
			runOnlyForDeploymentPostprocessing = 0;
		};
		5D055D982CA6AC14001F0F7B /* Sources */ = {
			isa = PBXSourcesBuildPhase;
			buildActionMask = 2147483647;
			files = (
				5D055DA12CA6AC14001F0F7B /* swiftExampleTests.swift in Sources */,
			);
			runOnlyForDeploymentPostprocessing = 0;
		};
		5D055DA22CA6AC14001F0F7B /* Sources */ = {
			isa = PBXSourcesBuildPhase;
			buildActionMask = 2147483647;
			files = (
				5D055DAB2CA6AC14001F0F7B /* swiftExampleUITests.swift in Sources */,
				5D055DAD2CA6AC14001F0F7B /* swiftExampleUITestsLaunchTests.swift in Sources */,
			);
			runOnlyForDeploymentPostprocessing = 0;
		};
/* End PBXSourcesBuildPhase section */

/* Begin PBXTargetDependency section */
		5D055D9E2CA6AC14001F0F7B /* PBXTargetDependency */ = {
			isa = PBXTargetDependency;
			target = 5D055D852CA6AC11001F0F7B /* swiftExample */;
			targetProxy = 5D055D9D2CA6AC14001F0F7B /* PBXContainerItemProxy */;
		};
		5D055DA82CA6AC14001F0F7B /* PBXTargetDependency */ = {
			isa = PBXTargetDependency;
			target = 5D055D852CA6AC11001F0F7B /* swiftExample */;
			targetProxy = 5D055DA72CA6AC14001F0F7B /* PBXContainerItemProxy */;
		};
/* End PBXTargetDependency section */

/* Begin PBXVariantGroup section */
		5D055D8F2CA6AC11001F0F7B /* Main.storyboard */ = {
			isa = PBXVariantGroup;
			children = (
				5D055D902CA6AC11001F0F7B /* Base */,
			);
			name = Main.storyboard;
			sourceTree = "<group>";
		};
		5D055D942CA6AC13001F0F7B /* LaunchScreen.storyboard */ = {
			isa = PBXVariantGroup;
			children = (
				5D055D952CA6AC13001F0F7B /* Base */,
			);
			name = LaunchScreen.storyboard;
			sourceTree = "<group>";
		};
/* End PBXVariantGroup section */

/* Begin XCBuildConfiguration section */
		5D055DAE2CA6AC14001F0F7B /* Debug */ = {
			isa = XCBuildConfiguration;
			buildSettings = {
				ALWAYS_SEARCH_USER_PATHS = NO;
				ASSETCATALOG_COMPILER_GENERATE_SWIFT_ASSET_SYMBOL_EXTENSIONS = YES;
				CLANG_ANALYZER_NONNULL = YES;
				CLANG_ANALYZER_NUMBER_OBJECT_CONVERSION = YES_AGGRESSIVE;
				CLANG_CXX_LANGUAGE_STANDARD = "gnu++20";
				CLANG_ENABLE_MODULES = YES;
				CLANG_ENABLE_OBJC_ARC = YES;
				CLANG_ENABLE_OBJC_WEAK = YES;
				CLANG_WARN_BLOCK_CAPTURE_AUTORELEASING = YES;
				CLANG_WARN_BOOL_CONVERSION = YES;
				CLANG_WARN_COMMA = YES;
				CLANG_WARN_CONSTANT_CONVERSION = YES;
				CLANG_WARN_DEPRECATED_OBJC_IMPLEMENTATIONS = YES;
				CLANG_WARN_DIRECT_OBJC_ISA_USAGE = YES_ERROR;
				CLANG_WARN_DOCUMENTATION_COMMENTS = YES;
				CLANG_WARN_EMPTY_BODY = YES;
				CLANG_WARN_ENUM_CONVERSION = YES;
				CLANG_WARN_INFINITE_RECURSION = YES;
				CLANG_WARN_INT_CONVERSION = YES;
				CLANG_WARN_NON_LITERAL_NULL_CONVERSION = YES;
				CLANG_WARN_OBJC_IMPLICIT_RETAIN_SELF = YES;
				CLANG_WARN_OBJC_LITERAL_CONVERSION = YES;
				CLANG_WARN_OBJC_ROOT_CLASS = YES_ERROR;
				CLANG_WARN_QUOTED_INCLUDE_IN_FRAMEWORK_HEADER = YES;
				CLANG_WARN_RANGE_LOOP_ANALYSIS = YES;
				CLANG_WARN_STRICT_PROTOTYPES = YES;
				CLANG_WARN_SUSPICIOUS_MOVE = YES;
				CLANG_WARN_UNGUARDED_AVAILABILITY = YES_AGGRESSIVE;
				CLANG_WARN_UNREACHABLE_CODE = YES;
				CLANG_WARN__DUPLICATE_METHOD_MATCH = YES;
				COPY_PHASE_STRIP = NO;
				DEBUG_INFORMATION_FORMAT = dwarf;
				ENABLE_STRICT_OBJC_MSGSEND = YES;
				ENABLE_TESTABILITY = YES;
				ENABLE_USER_SCRIPT_SANDBOXING = YES;
				GCC_C_LANGUAGE_STANDARD = gnu17;
				GCC_DYNAMIC_NO_PIC = NO;
				GCC_NO_COMMON_BLOCKS = YES;
				GCC_OPTIMIZATION_LEVEL = 0;
				GCC_PREPROCESSOR_DEFINITIONS = (
					"DEBUG=1",
					"$(inherited)",
				);
				GCC_WARN_64_TO_32_BIT_CONVERSION = YES;
				GCC_WARN_ABOUT_RETURN_TYPE = YES_ERROR;
				GCC_WARN_UNDECLARED_SELECTOR = YES;
				GCC_WARN_UNINITIALIZED_AUTOS = YES_AGGRESSIVE;
				GCC_WARN_UNUSED_FUNCTION = YES;
				GCC_WARN_UNUSED_VARIABLE = YES;
				IPHONEOS_DEPLOYMENT_TARGET = 17.4;
				LOCALIZATION_PREFERS_STRING_CATALOGS = YES;
				MTL_ENABLE_DEBUG_INFO = INCLUDE_SOURCE;
				MTL_FAST_MATH = YES;
				ONLY_ACTIVE_ARCH = YES;
				SDKROOT = iphoneos;
				SWIFT_ACTIVE_COMPILATION_CONDITIONS = "DEBUG $(inherited)";
				SWIFT_OPTIMIZATION_LEVEL = "-Onone";
			};
			name = Debug;
		};
		5D055DAF2CA6AC14001F0F7B /* Release */ = {
			isa = XCBuildConfiguration;
			buildSettings = {
				ALWAYS_SEARCH_USER_PATHS = NO;
				ASSETCATALOG_COMPILER_GENERATE_SWIFT_ASSET_SYMBOL_EXTENSIONS = YES;
				CLANG_ANALYZER_NONNULL = YES;
				CLANG_ANALYZER_NUMBER_OBJECT_CONVERSION = YES_AGGRESSIVE;
				CLANG_CXX_LANGUAGE_STANDARD = "gnu++20";
				CLANG_ENABLE_MODULES = YES;
				CLANG_ENABLE_OBJC_ARC = YES;
				CLANG_ENABLE_OBJC_WEAK = YES;
				CLANG_WARN_BLOCK_CAPTURE_AUTORELEASING = YES;
				CLANG_WARN_BOOL_CONVERSION = YES;
				CLANG_WARN_COMMA = YES;
				CLANG_WARN_CONSTANT_CONVERSION = YES;
				CLANG_WARN_DEPRECATED_OBJC_IMPLEMENTATIONS = YES;
				CLANG_WARN_DIRECT_OBJC_ISA_USAGE = YES_ERROR;
				CLANG_WARN_DOCUMENTATION_COMMENTS = YES;
				CLANG_WARN_EMPTY_BODY = YES;
				CLANG_WARN_ENUM_CONVERSION = YES;
				CLANG_WARN_INFINITE_RECURSION = YES;
				CLANG_WARN_INT_CONVERSION = YES;
				CLANG_WARN_NON_LITERAL_NULL_CONVERSION = YES;
				CLANG_WARN_OBJC_IMPLICIT_RETAIN_SELF = YES;
				CLANG_WARN_OBJC_LITERAL_CONVERSION = YES;
				CLANG_WARN_OBJC_ROOT_CLASS = YES_ERROR;
				CLANG_WARN_QUOTED_INCLUDE_IN_FRAMEWORK_HEADER = YES;
				CLANG_WARN_RANGE_LOOP_ANALYSIS = YES;
				CLANG_WARN_STRICT_PROTOTYPES = YES;
				CLANG_WARN_SUSPICIOUS_MOVE = YES;
				CLANG_WARN_UNGUARDED_AVAILABILITY = YES_AGGRESSIVE;
				CLANG_WARN_UNREACHABLE_CODE = YES;
				CLANG_WARN__DUPLICATE_METHOD_MATCH = YES;
				COPY_PHASE_STRIP = NO;
				DEBUG_INFORMATION_FORMAT = "dwarf-with-dsym";
				ENABLE_NS_ASSERTIONS = NO;
				ENABLE_STRICT_OBJC_MSGSEND = YES;
				ENABLE_USER_SCRIPT_SANDBOXING = YES;
				GCC_C_LANGUAGE_STANDARD = gnu17;
				GCC_NO_COMMON_BLOCKS = YES;
				GCC_WARN_64_TO_32_BIT_CONVERSION = YES;
				GCC_WARN_ABOUT_RETURN_TYPE = YES_ERROR;
				GCC_WARN_UNDECLARED_SELECTOR = YES;
				GCC_WARN_UNINITIALIZED_AUTOS = YES_AGGRESSIVE;
				GCC_WARN_UNUSED_FUNCTION = YES;
				GCC_WARN_UNUSED_VARIABLE = YES;
				IPHONEOS_DEPLOYMENT_TARGET = 17.4;
				LOCALIZATION_PREFERS_STRING_CATALOGS = YES;
				MTL_ENABLE_DEBUG_INFO = NO;
				MTL_FAST_MATH = YES;
				SDKROOT = iphoneos;
				SWIFT_COMPILATION_MODE = wholemodule;
				VALIDATE_PRODUCT = YES;
			};
			name = Release;
		};
		5D055DB12CA6AC14001F0F7B /* Debug */ = {
			isa = XCBuildConfiguration;
			buildSettings = {
				ASSETCATALOG_COMPILER_APPICON_NAME = AppIcon;
				ASSETCATALOG_COMPILER_GLOBAL_ACCENT_COLOR_NAME = AccentColor;
				CLANG_ENABLE_MODULES = YES;
				CODE_SIGN_STYLE = Automatic;
				CURRENT_PROJECT_VERSION = 1;
				DEVELOPMENT_TEAM = Y4A3CFNL3H;
				GENERATE_INFOPLIST_FILE = YES;
				INFOPLIST_FILE = swiftExample/Info.plist;
				INFOPLIST_KEY_NSFaceIDUsageDescription = "Request Face ID Privacy";
				INFOPLIST_KEY_NSPhotoLibraryUsageDescription = "请求使用相册";
				INFOPLIST_KEY_UIApplicationSupportsIndirectInputEvents = YES;
				INFOPLIST_KEY_UILaunchStoryboardName = LaunchScreen;
				INFOPLIST_KEY_UIMainStoryboardFile = Main;
				INFOPLIST_KEY_UISupportedInterfaceOrientations_iPad = "UIInterfaceOrientationPortrait UIInterfaceOrientationPortraitUpsideDown UIInterfaceOrientationLandscapeLeft UIInterfaceOrientationLandscapeRight";
				INFOPLIST_KEY_UISupportedInterfaceOrientations_iPhone = "UIInterfaceOrientationPortrait UIInterfaceOrientationLandscapeLeft UIInterfaceOrientationLandscapeRight";
				IPHONEOS_DEPLOYMENT_TARGET = 15.6;
				LD_RUNPATH_SEARCH_PATHS = (
					"$(inherited)",
					"@executable_path/Frameworks",
				);
				MARKETING_VERSION = 1.0;
				PRODUCT_BUNDLE_IDENTIFIER = com.test.swiftExample;
				PRODUCT_NAME = "$(TARGET_NAME)";
				SWIFT_EMIT_LOC_STRINGS = YES;
				SWIFT_OBJC_BRIDGING_HEADER = "swiftExample/swiftExample-Bridging-Header.h";
				SWIFT_OPTIMIZATION_LEVEL = "-Onone";
				SWIFT_VERSION = 5.0;
				TARGETED_DEVICE_FAMILY = "1,2";
			};
			name = Debug;
		};
		5D055DB22CA6AC14001F0F7B /* Release */ = {
			isa = XCBuildConfiguration;
			buildSettings = {
				ASSETCATALOG_COMPILER_APPICON_NAME = AppIcon;
				ASSETCATALOG_COMPILER_GLOBAL_ACCENT_COLOR_NAME = AccentColor;
				CLANG_ENABLE_MODULES = YES;
				CODE_SIGN_STYLE = Automatic;
				CURRENT_PROJECT_VERSION = 1;
				DEVELOPMENT_TEAM = Y4A3CFNL3H;
				GENERATE_INFOPLIST_FILE = YES;
				INFOPLIST_FILE = swiftExample/Info.plist;
				INFOPLIST_KEY_NSFaceIDUsageDescription = "Request Face ID Privacy";
				INFOPLIST_KEY_NSPhotoLibraryUsageDescription = "请求使用相册";
				INFOPLIST_KEY_UIApplicationSupportsIndirectInputEvents = YES;
				INFOPLIST_KEY_UILaunchStoryboardName = LaunchScreen;
				INFOPLIST_KEY_UIMainStoryboardFile = Main;
				INFOPLIST_KEY_UISupportedInterfaceOrientations_iPad = "UIInterfaceOrientationPortrait UIInterfaceOrientationPortraitUpsideDown UIInterfaceOrientationLandscapeLeft UIInterfaceOrientationLandscapeRight";
				INFOPLIST_KEY_UISupportedInterfaceOrientations_iPhone = "UIInterfaceOrientationPortrait UIInterfaceOrientationLandscapeLeft UIInterfaceOrientationLandscapeRight";
				IPHONEOS_DEPLOYMENT_TARGET = 15.6;
				LD_RUNPATH_SEARCH_PATHS = (
					"$(inherited)",
					"@executable_path/Frameworks",
				);
				MARKETING_VERSION = 1.0;
				PRODUCT_BUNDLE_IDENTIFIER = com.test.swiftExample;
				PRODUCT_NAME = "$(TARGET_NAME)";
				SWIFT_EMIT_LOC_STRINGS = YES;
				SWIFT_OBJC_BRIDGING_HEADER = "swiftExample/swiftExample-Bridging-Header.h";
				SWIFT_VERSION = 5.0;
				TARGETED_DEVICE_FAMILY = "1,2";
			};
			name = Release;
		};
		5D055DB42CA6AC14001F0F7B /* Debug */ = {
			isa = XCBuildConfiguration;
			buildSettings = {
				ALWAYS_EMBED_SWIFT_STANDARD_LIBRARIES = YES;
				BUNDLE_LOADER = "$(TEST_HOST)";
				CODE_SIGN_STYLE = Automatic;
				CURRENT_PROJECT_VERSION = 1;
				DEVELOPMENT_TEAM = T9N4NZWQ9C;
				GENERATE_INFOPLIST_FILE = YES;
				IPHONEOS_DEPLOYMENT_TARGET = 15.6;
				MARKETING_VERSION = 1.0;
				PRODUCT_BUNDLE_IDENTIFIER = com.test.swiftExampleTests;
				PRODUCT_NAME = "$(TARGET_NAME)";
				SWIFT_EMIT_LOC_STRINGS = NO;
				SWIFT_VERSION = 5.0;
				TARGETED_DEVICE_FAMILY = "1,2";
				TEST_HOST = "$(BUILT_PRODUCTS_DIR)/swiftExample.app/$(BUNDLE_EXECUTABLE_FOLDER_PATH)/swiftExample";
			};
			name = Debug;
		};
		5D055DB52CA6AC14001F0F7B /* Release */ = {
			isa = XCBuildConfiguration;
			buildSettings = {
				ALWAYS_EMBED_SWIFT_STANDARD_LIBRARIES = YES;
				BUNDLE_LOADER = "$(TEST_HOST)";
				CODE_SIGN_STYLE = Automatic;
				CURRENT_PROJECT_VERSION = 1;
				DEVELOPMENT_TEAM = T9N4NZWQ9C;
				GENERATE_INFOPLIST_FILE = YES;
				IPHONEOS_DEPLOYMENT_TARGET = 15.6;
				MARKETING_VERSION = 1.0;
				PRODUCT_BUNDLE_IDENTIFIER = com.test.swiftExampleTests;
				PRODUCT_NAME = "$(TARGET_NAME)";
				SWIFT_EMIT_LOC_STRINGS = NO;
				SWIFT_VERSION = 5.0;
				TARGETED_DEVICE_FAMILY = "1,2";
				TEST_HOST = "$(BUILT_PRODUCTS_DIR)/swiftExample.app/$(BUNDLE_EXECUTABLE_FOLDER_PATH)/swiftExample";
			};
			name = Release;
		};
		5D055DB72CA6AC14001F0F7B /* Debug */ = {
			isa = XCBuildConfiguration;
			buildSettings = {
				ALWAYS_EMBED_SWIFT_STANDARD_LIBRARIES = YES;
				CODE_SIGN_STYLE = Automatic;
				CURRENT_PROJECT_VERSION = 1;
				DEVELOPMENT_TEAM = T9N4NZWQ9C;
				GENERATE_INFOPLIST_FILE = YES;
				IPHONEOS_DEPLOYMENT_TARGET = 15.6;
				MARKETING_VERSION = 1.0;
				PRODUCT_BUNDLE_IDENTIFIER = com.test.swiftExampleUITests;
				PRODUCT_NAME = "$(TARGET_NAME)";
				SWIFT_EMIT_LOC_STRINGS = NO;
				SWIFT_VERSION = 5.0;
				TARGETED_DEVICE_FAMILY = "1,2";
				TEST_TARGET_NAME = swiftExample;
			};
			name = Debug;
		};
		5D055DB82CA6AC14001F0F7B /* Release */ = {
			isa = XCBuildConfiguration;
			buildSettings = {
				ALWAYS_EMBED_SWIFT_STANDARD_LIBRARIES = YES;
				CODE_SIGN_STYLE = Automatic;
				CURRENT_PROJECT_VERSION = 1;
				DEVELOPMENT_TEAM = T9N4NZWQ9C;
				GENERATE_INFOPLIST_FILE = YES;
				IPHONEOS_DEPLOYMENT_TARGET = 15.6;
				MARKETING_VERSION = 1.0;
				PRODUCT_BUNDLE_IDENTIFIER = com.test.swiftExampleUITests;
				PRODUCT_NAME = "$(TARGET_NAME)";
				SWIFT_EMIT_LOC_STRINGS = NO;
				SWIFT_VERSION = 5.0;
				TARGETED_DEVICE_FAMILY = "1,2";
				TEST_TARGET_NAME = swiftExample;
			};
			name = Release;
		};
/* End XCBuildConfiguration section */

/* Begin XCConfigurationList section */
		5D055D812CA6AC11001F0F7B /* Build configuration list for PBXProject "swiftExample" */ = {
			isa = XCConfigurationList;
			buildConfigurations = (
				5D055DAE2CA6AC14001F0F7B /* Debug */,
				5D055DAF2CA6AC14001F0F7B /* Release */,
			);
			defaultConfigurationIsVisible = 0;
			defaultConfigurationName = Release;
		};
		5D055DB02CA6AC14001F0F7B /* Build configuration list for PBXNativeTarget "swiftExample" */ = {
			isa = XCConfigurationList;
			buildConfigurations = (
				5D055DB12CA6AC14001F0F7B /* Debug */,
				5D055DB22CA6AC14001F0F7B /* Release */,
			);
			defaultConfigurationIsVisible = 0;
			defaultConfigurationName = Release;
		};
		5D055DB32CA6AC14001F0F7B /* Build configuration list for PBXNativeTarget "swiftExampleTests" */ = {
			isa = XCConfigurationList;
			buildConfigurations = (
				5D055DB42CA6AC14001F0F7B /* Debug */,
				5D055DB52CA6AC14001F0F7B /* Release */,
			);
			defaultConfigurationIsVisible = 0;
			defaultConfigurationName = Release;
		};
		5D055DB62CA6AC14001F0F7B /* Build configuration list for PBXNativeTarget "swiftExampleUITests" */ = {
			isa = XCConfigurationList;
			buildConfigurations = (
				5D055DB72CA6AC14001F0F7B /* Debug */,
				5D055DB82CA6AC14001F0F7B /* Release */,
			);
			defaultConfigurationIsVisible = 0;
			defaultConfigurationName = Release;
		};
/* End XCConfigurationList section */

/* Begin XCRemoteSwiftPackageReference section */
		5D055DBB2CA6B657001F0F7B /* XCRemoteSwiftPackageReference "SnapKit" */ = {
			isa = XCRemoteSwiftPackageReference;
			repositoryURL = "https://github.com/SnapKit/SnapKit";
			requirement = {
				kind = versionRange;
				maximumVersion = 6.0.0;
				minimumVersion = 5.7.1;
			};
		};
		5D50B7B02E053FA900D7A4B0 /* XCRemoteSwiftPackageReference "SVProgressHUD" */ = {
			isa = XCRemoteSwiftPackageReference;
			repositoryURL = "https://github.com/SVProgressHUD/SVProgressHUD";
			requirement = {
				branch = master;
				kind = branch;
			};
		};
		5DC114882DDF4924008A7949 /* XCRemoteSwiftPackageReference "JGProgressHUD" */ = {
			isa = XCRemoteSwiftPackageReference;
			repositoryURL = "https://github.com/JonasGessner/JGProgressHUD.git";
			requirement = {
				kind = upToNextMajorVersion;
				minimumVersion = 2.2.0;
			};
		};
		5DC1148B2DDF4A56008A7949 /* XCRemoteSwiftPackageReference "Toast-Swift" */ = {
			isa = XCRemoteSwiftPackageReference;
			repositoryURL = "https://github.com/scalessec/Toast-Swift.git";
			requirement = {
				kind = upToNextMajorVersion;
				minimumVersion = 5.1.1;
			};
		};
		5DC1148E2DDF4C47008A7949 /* XCRemoteSwiftPackageReference "ProgressHUD" */ = {
			isa = XCRemoteSwiftPackageReference;
			repositoryURL = "https://github.com/relatedcode/ProgressHUD.git";
			requirement = {
				kind = upToNextMajorVersion;
				minimumVersion = 14.1.3;
			};
		};
/* End XCRemoteSwiftPackageReference section */

/* Begin XCSwiftPackageProductDependency section */
		5D055DBC2CA6B657001F0F7B /* SnapKit */ = {
			isa = XCSwiftPackageProductDependency;
			package = 5D055DBB2CA6B657001F0F7B /* XCRemoteSwiftPackageReference "SnapKit" */;
			productName = SnapKit;
		};
		5D50B7B12E053FAA00D7A4B0 /* SVProgressHUD */ = {
			isa = XCSwiftPackageProductDependency;
			package = 5D50B7B02E053FA900D7A4B0 /* XCRemoteSwiftPackageReference "SVProgressHUD" */;
			productName = SVProgressHUD;
		};
		5DC114892DDF4924008A7949 /* JGProgressHUD */ = {
			isa = XCSwiftPackageProductDependency;
			package = 5DC114882DDF4924008A7949 /* XCRemoteSwiftPackageReference "JGProgressHUD" */;
			productName = JGProgressHUD;
		};
		5DC1148C2DDF4A56008A7949 /* Toast */ = {
			isa = XCSwiftPackageProductDependency;
			package = 5DC1148B2DDF4A56008A7949 /* XCRemoteSwiftPackageReference "Toast-Swift" */;
			productName = Toast;
		};
		5DC1148F2DDF4C47008A7949 /* ProgressHUD */ = {
			isa = XCSwiftPackageProductDependency;
			package = 5DC1148E2DDF4C47008A7949 /* XCRemoteSwiftPackageReference "ProgressHUD" */;
			productName = ProgressHUD;
		};
/* End XCSwiftPackageProductDependency section */
	};
	rootObject = 5D055D7E2CA6AC11001F0F7B /* Project object */;
}
